
Microsoft Visual Studio Solution File, Format Version 12.00
# Visual Studio 15
Project("{FAE04EC0-301F-11D3-BF4B-00C04F79EFBC}") = "NavMeshComponents", "NavMeshComponents.csproj", "{0961E9E2-64B3-C1B3-689F-78785FE2CEB6}"
EndProject
Project("{FAE04EC0-301F-11D3-BF4B-00C04F79EFBC}") = "Assembly-CSharp", "Assembly-CSharp.csproj", "{5A0EDC69-7BFD-67B3-A2F0-96C278B275EF}"
EndProject
Project("{FAE04EC0-301F-11D3-BF4B-00C04F79EFBC}") = "NavMeshComponentsEditor", "NavMeshComponentsEditor.csproj", "{60E97D83-1DBA-2C81-3C70-4FE7B8E04E23}"
EndProject
Global
	GlobalSection(SolutionConfigurationPlatforms) = preSolution
		Debug|Any CPU = Debug|Any CPU
		Release|Any CPU = Release|Any CPU
	EndGlobalSection
	GlobalSection(ProjectConfigurationPlatforms) = postSolution
		{0961E9E2-64B3-C1B3-689F-78785FE2CEB6}.Debug|Any CPU.ActiveCfg = Debug|Any CPU
		{0961E9E2-64B3-C1B3-689F-78785FE2CEB6}.Debug|Any CPU.Build.0 = Debug|Any CPU
		{0961E9E2-64B3-C1B3-689F-78785FE2CEB6}.Release|Any CPU.ActiveCfg = Release|Any CPU
		{0961E9E2-64B3-C1B3-689F-78785FE2CEB6}.Release|Any CPU.Build.0 = Release|Any CPU
		{5A0EDC69-7BFD-67B3-A2F0-96C278B275EF}.Debug|Any CPU.ActiveCfg = Debug|Any CPU
		{5A0EDC69-7BFD-67B3-A2F0-96C278B275EF}.Debug|Any CPU.Build.0 = Debug|Any CPU
		{5A0EDC69-7BFD-67B3-A2F0-96C278B275EF}.Release|Any CPU.ActiveCfg = Release|Any CPU
		{5A0EDC69-7BFD-67B3-A2F0-96C278B275EF}.Release|Any CPU.Build.0 = Release|Any CPU
		{60E97D83-1DBA-2C81-3C70-4FE7B8E04E23}.Debug|Any CPU.ActiveCfg = Debug|Any CPU
		{60E97D83-1DBA-2C81-3C70-4FE7B8E04E23}.Debug|Any CPU.Build.0 = Debug|Any CPU
		{60E97D83-1DBA-2C81-3C70-4FE7B8E04E23}.Release|Any CPU.ActiveCfg = Release|Any CPU
		{60E97D83-1DBA-2C81-3C70-4FE7B8E04E23}.Release|Any CPU.Build.0 = Release|Any CPU
	EndGlobalSection
	GlobalSection(SolutionProperties) = preSolution
		HideSolutionNode = FALSE
	EndGlobalSection
EndGlobal
